{
  "lockfileVersion": 1,
  "workspaces": {
    "": {
      "name": "aed",
      "dependencies": {
        "hono": "^4.5.0",
        "ipaddr.js": "^2.1.0",
      },
    },
  },
  "packages": {
    "hono": ["hono@4.8.9", "", {}, "sha512-ERIxkXMRhUxGV7nS/Af52+j2KL60B1eg+k6cPtgzrGughS+espS9KQ7QO0SMnevtmRlBfAcN0mf1jKtO6j/doA=="],

    "ipaddr.js": ["ipaddr.js@2.2.0", "", {}, "sha512-Ag3wB2o37wslZS19hZqorUnrnzSkpOVy+IiiDEiTqNubEYpYuHWIf6K4psgN2ZWKExS4xhVCrRVfb/wfW8fWJA=="],
  }
}
